
Microsoft Visual Studio Solution File, Format Version 12.00
# Visual Studio 2013
VisualStudioVersion = 12.0.31101.0
MinimumVisualStudioVersion = 10.0.40219.1
Project("{FAE04EC0-301F-11D3-BF4B-00C04F79EFBC}") = "WebApp", "WebApp\WebApp.csproj", "{42177FAB-ADC0-4D67-93FB-EDEA7654C08D}"
EndProject
Project("{2150E333-8FDC-42A3-9474-1A3956D46DE8}") = "Library", "Library", "{18DA22D8-EDD3-472E-A505-7A7D4D33EE60}"
EndProject
Project("{FAE04EC0-301F-11D3-BF4B-00C04F79EFBC}") = "Repository", "Repository\Repository.csproj", "{7BCBB652-8B0B-4752-8FEC-9FF01ABD456C}"
EndProject
Global
	GlobalSection(SolutionConfigurationPlatforms) = preSolution
		Debug|Any CPU = Debug|Any CPU
		Release|Any CPU = Release|Any CPU
	EndGlobalSection
	GlobalSection(ProjectConfigurationPlatforms) = postSolution
		{42177FAB-ADC0-4D67-93FB-EDEA7654C08D}.Debug|Any CPU.ActiveCfg = Debug|Any CPU
		{42177FAB-ADC0-4D67-93FB-EDEA7654C08D}.Debug|Any CPU.Build.0 = Debug|Any CPU
		{42177FAB-ADC0-4D67-93FB-EDEA7654C08D}.Release|Any CPU.ActiveCfg = Release|Any CPU
		{42177FAB-ADC0-4D67-93FB-EDEA7654C08D}.Release|Any CPU.Build.0 = Release|Any CPU
		{7BCBB652-8B0B-4752-8FEC-9FF01ABD456C}.Debug|Any CPU.ActiveCfg = Debug|Any CPU
		{7BCBB652-8B0B-4752-8FEC-9FF01ABD456C}.Debug|Any CPU.Build.0 = Debug|Any CPU
		{7BCBB652-8B0B-4752-8FEC-9FF01ABD456C}.Release|Any CPU.ActiveCfg = Release|Any CPU
		{7BCBB652-8B0B-4752-8FEC-9FF01ABD456C}.Release|Any CPU.Build.0 = Release|Any CPU
	EndGlobalSection
	GlobalSection(SolutionProperties) = preSolution
		HideSolutionNode = FALSE
	EndGlobalSection
	GlobalSection(NestedProjects) = preSolution
		{7BCBB652-8B0B-4752-8FEC-9FF01ABD456C} = {18DA22D8-EDD3-472E-A505-7A7D4D33EE60}
	EndGlobalSection
EndGlobal
